// !$*UTF8*$!
{
	archiveVersion = 1;
	classes = {
	};
	objectVersion = 50;
	objects = {

/* Begin PBXBuildFile section */
		2A0C7BD7228D6A79008B9120 /* audio in Resources */ = {isa = PBXBuildFile; fileRef = 2A0C7BD6228D6A79008B9120 /* audio */; };
		2A6A0AFD22341A680080C0BA /* HandDetector.swift in Sources */ = {isa = PBXBuildFile; fileRef = 2A6A0AFC22341A680080C0BA /* HandDetector.swift */; };
		2A6A0AFF22341AD20080C0BA /* HandModelOld.mlmodel in Sources */ = {isa = PBXBuildFile; fileRef = 2A6A0AFE22341AD20080C0BA /* HandModelOld.mlmodel */; };
		2A6A0B01223544A80080C0BA /* HandModel.mlmodel in Sources */ = {isa = PBXBuildFile; fileRef = 2A6A0B00223544A70080C0BA /* HandModel.mlmodel */; };
		2A6A0B03223552DD0080C0BA /* CVPixelBuffer+Search.swift in Sources */ = {isa = PBXBuildFile; fileRef = 2A6A0B02223552DD0080C0BA /* CVPixelBuffer+Search.swift */; };
		2A91D98E2247ABD7002E3B68 /* handClassificationOld.mlmodel in Sources */ = {isa = PBXBuildFile; fileRef = 2A91D98D2247ABD6002E3B68 /* handClassificationOld.mlmodel */; };
		2A91D9902247AC1E002E3B68 /* HandClassification.swift in Sources */ = {isa = PBXBuildFile; fileRef = 2A91D98F2247AC1E002E3B68 /* HandClassification.swift */; };
		2AA4B3A02271F0DE00E40EAF /* handClassification.mlmodel in Sources */ = {isa = PBXBuildFile; fileRef = 2AA4B39F2271F0DE00E40EAF /* handClassification.mlmodel */; };
		2AF5B63F222BA7FE00A039EC /* Plane.swift in Sources */ = {isa = PBXBuildFile; fileRef = 2AF5B63E222BA7FE00A039EC /* Plane.swift */; };
		2AF5B641222BAB4D00A039EC /* nodeEnum.swift in Sources */ = {isa = PBXBuildFile; fileRef = 2AF5B640222BAB4D00A039EC /* nodeEnum.swift */; };
		2AF7B41421ECAB0A00A868B8 /* AppDelegate.swift in Sources */ = {isa = PBXBuildFile; fileRef = 2AF7B41321ECAB0A00A868B8 /* AppDelegate.swift */; };
		2AF7B41621ECAB0A00A868B8 /* art.scnassets in Resources */ = {isa = PBXBuildFile; fileRef = 2AF7B41521ECAB0A00A868B8 /* art.scnassets */; };
		2AF7B41821ECAB0A00A868B8 /* ViewController.swift in Sources */ = {isa = PBXBuildFile; fileRef = 2AF7B41721ECAB0A00A868B8 /* ViewController.swift */; };
		2AF7B41B21ECAB0A00A868B8 /* Main.storyboard in Resources */ = {isa = PBXBuildFile; fileRef = 2AF7B41921ECAB0A00A868B8 /* Main.storyboard */; };
		2AF7B41D21ECAB0B00A868B8 /* Assets.xcassets in Resources */ = {isa = PBXBuildFile; fileRef = 2AF7B41C21ECAB0B00A868B8 /* Assets.xcassets */; };
		2AF7B42021ECAB0B00A868B8 /* LaunchScreen.storyboard in Resources */ = {isa = PBXBuildFile; fileRef = 2AF7B41E21ECAB0B00A868B8 /* LaunchScreen.storyboard */; };
		2AF7B43721EDCBB300A868B8 /* Max.swift in Sources */ = {isa = PBXBuildFile; fileRef = 2AF7B43621EDCBB300A868B8 /* Max.swift */; };
		2AF7B43F21EDECFF00A868B8 /* NodeUtils.swift in Sources */ = {isa = PBXBuildFile; fileRef = 2AF7B43E21EDECFF00A868B8 /* NodeUtils.swift */; };
		2AF7B44121EDF68700A868B8 /* SCNVector3+Extensions.swift in Sources */ = {isa = PBXBuildFile; fileRef = 2AF7B44021EDF68600A868B8 /* SCNVector3+Extensions.swift */; };
		2AF7B44521EDF6D900A868B8 /* Node+Extensions.swift in Sources */ = {isa = PBXBuildFile; fileRef = 2AF7B44421EDF6D800A868B8 /* Node+Extensions.swift */; };
		2AF7B44921EE021400A868B8 /* Utilities.swift in Sources */ = {isa = PBXBuildFile; fileRef = 2AF7B44821EE021400A868B8 /* Utilities.swift */; };
		2AF7B44B21EE03BD00A868B8 /* Assets.scnassets in Resources */ = {isa = PBXBuildFile; fileRef = 2AF7B44A21EE03BC00A868B8 /* Assets.scnassets */; };
/* End PBXBuildFile section */

/* Begin PBXFileReference section */
		2A0C7BD6228D6A79008B9120 /* audio */ = {isa = PBXFileReference; lastKnownFileType = folder; path = audio; sourceTree = "<group>"; };
		2A6A0AFC22341A680080C0BA /* HandDetector.swift */ = {isa = PBXFileReference; lastKnownFileType = sourcecode.swift; path = HandDetector.swift; sourceTree = "<group>"; };
		2A6A0AFE22341AD20080C0BA /* HandModelOld.mlmodel */ = {isa = PBXFileReference; lastKnownFileType = file.mlmodel; path = HandModelOld.mlmodel; sourceTree = "<group>"; };
		2A6A0B00223544A70080C0BA /* HandModel.mlmodel */ = {isa = PBXFileReference; lastKnownFileType = file.mlmodel; path = HandModel.mlmodel; sourceTree = "<group>"; };
		2A6A0B02223552DD0080C0BA /* CVPixelBuffer+Search.swift */ = {isa = PBXFileReference; fileEncoding = 4; lastKnownFileType = sourcecode.swift; path = "CVPixelBuffer+Search.swift"; sourceTree = "<group>"; };
		2A91D98D2247ABD6002E3B68 /* handClassificationOld.mlmodel */ = {isa = PBXFileReference; lastKnownFileType = file.mlmodel; path = handClassificationOld.mlmodel; sourceTree = "<group>"; };
		2A91D98F2247AC1E002E3B68 /* HandClassification.swift */ = {isa = PBXFileReference; lastKnownFileType = sourcecode.swift; path = HandClassification.swift; sourceTree = "<group>"; };
		2AA4B39F2271F0DE00E40EAF /* handClassification.mlmodel */ = {isa = PBXFileReference; lastKnownFileType = file.mlmodel; path = handClassification.mlmodel; sourceTree = "<group>"; };
		2AF5B63E222BA7FE00A039EC /* Plane.swift */ = {isa = PBXFileReference; lastKnownFileType = sourcecode.swift; path = Plane.swift; sourceTree = "<group>"; };
		2AF5B640222BAB4D00A039EC /* nodeEnum.swift */ = {isa = PBXFileReference; lastKnownFileType = sourcecode.swift; path = nodeEnum.swift; sourceTree = "<group>"; };
		2AF7B41021ECAB0A00A868B8 /* MaxHand.app */ = {isa = PBXFileReference; explicitFileType = wrapper.application; includeInIndex = 0; path = MaxHand.app; sourceTree = BUILT_PRODUCTS_DIR; };
		2AF7B41321ECAB0A00A868B8 /* AppDelegate.swift */ = {isa = PBXFileReference; lastKnownFileType = sourcecode.swift; path = AppDelegate.swift; sourceTree = "<group>"; };
		2AF7B41521ECAB0A00A868B8 /* art.scnassets */ = {isa = PBXFileReference; lastKnownFileType = wrapper.scnassets; path = art.scnassets; sourceTree = "<group>"; };
		2AF7B41721ECAB0A00A868B8 /* ViewController.swift */ = {isa = PBXFileReference; lastKnownFileType = sourcecode.swift; path = ViewController.swift; sourceTree = "<group>"; };
		2AF7B41A21ECAB0A00A868B8 /* Base */ = {isa = PBXFileReference; lastKnownFileType = file.storyboard; name = Base; path = Base.lproj/Main.storyboard; sourceTree = "<group>"; };
		2AF7B41C21ECAB0B00A868B8 /* Assets.xcassets */ = {isa = PBXFileReference; lastKnownFileType = folder.assetcatalog; path = Assets.xcassets; sourceTree = "<group>"; };
		2AF7B41F21ECAB0B00A868B8 /* Base */ = {isa = PBXFileReference; lastKnownFileType = file.storyboard; name = Base; path = Base.lproj/LaunchScreen.storyboard; sourceTree = "<group>"; };
		2AF7B42121ECAB0B00A868B8 /* Info.plist */ = {isa = PBXFileReference; lastKnownFileType = text.plist.xml; path = Info.plist; sourceTree = "<group>"; };
		2AF7B43621EDCBB300A868B8 /* Max.swift */ = {isa = PBXFileReference; lastKnownFileType = sourcecode.swift; path = Max.swift; sourceTree = "<group>"; };
		2AF7B43E21EDECFF00A868B8 /* NodeUtils.swift */ = {isa = PBXFileReference; lastKnownFileType = sourcecode.swift; path = NodeUtils.swift; sourceTree = "<group>"; };
		2AF7B44021EDF68600A868B8 /* SCNVector3+Extensions.swift */ = {isa = PBXFileReference; fileEncoding = 4; lastKnownFileType = sourcecode.swift; path = "SCNVector3+Extensions.swift"; sourceTree = "<group>"; };
		2AF7B44421EDF6D800A868B8 /* Node+Extensions.swift */ = {isa = PBXFileReference; fileEncoding = 4; lastKnownFileType = sourcecode.swift; path = "Node+Extensions.swift"; sourceTree = "<group>"; };
		2AF7B44821EE021400A868B8 /* Utilities.swift */ = {isa = PBXFileReference; fileEncoding = 4; lastKnownFileType = sourcecode.swift; path = Utilities.swift; sourceTree = "<group>"; };
		2AF7B44A21EE03BC00A868B8 /* Assets.scnassets */ = {isa = PBXFileReference; lastKnownFileType = wrapper.scnassets; path = Assets.scnassets; sourceTree = "<group>"; };
/* End PBXFileReference section */

/* Begin PBXFrameworksBuildPhase section */
		2AF7B40D21ECAB0A00A868B8 /* Frameworks */ = {
			isa = PBXFrameworksBuildPhase;
			buildActionMask = 2147483647;
			files = (
			);
			runOnlyForDeploymentPostprocessing = 0;
		};
/* End PBXFrameworksBuildPhase section */

/* Begin PBXGroup section */
		2A6A0AFB22341A460080C0BA /* CoreML */ = {
			isa = PBXGroup;
			children = (
				2A6A0B00223544A70080C0BA /* HandModel.mlmodel */,
				2A6A0AFE22341AD20080C0BA /* HandModelOld.mlmodel */,
				2A6A0AFC22341A680080C0BA /* HandDetector.swift */,
				2AA4B39F2271F0DE00E40EAF /* handClassification.mlmodel */,
				2A91D98D2247ABD6002E3B68 /* handClassificationOld.mlmodel */,
				2A91D98F2247AC1E002E3B68 /* HandClassification.swift */,
			);
			path = CoreML;
			sourceTree = "<group>";
		};
		2AF7B40721ECAB0A00A868B8 = {
			isa = PBXGroup;
			children = (
				2AF7B41221ECAB0A00A868B8 /* MaxHand */,
				2AF7B41121ECAB0A00A868B8 /* Products */,
			);
			sourceTree = "<group>";
		};
		2AF7B41121ECAB0A00A868B8 /* Products */ = {
			isa = PBXGroup;
			children = (
				2AF7B41021ECAB0A00A868B8 /* MaxHand.app */,
			);
			name = Products;
			sourceTree = "<group>";
		};
		2AF7B41221ECAB0A00A868B8 /* MaxHand */ = {
			isa = PBXGroup;
			children = (
				2AF7B41321ECAB0A00A868B8 /* AppDelegate.swift */,
				2A6A0AFB22341A460080C0BA /* CoreML */,
				2AF7B42721ECB50A00A868B8 /* Object */,
				2AF7B43221ECBA5900A868B8 /* Utility */,
				2AF7B41721ECAB0A00A868B8 /* ViewController.swift */,
				2AF7B41921ECAB0A00A868B8 /* Main.storyboard */,
				2AF7B44A21EE03BC00A868B8 /* Assets.scnassets */,
				2AF7B41521ECAB0A00A868B8 /* art.scnassets */,
				2AF7B41C21ECAB0B00A868B8 /* Assets.xcassets */,
				2A0C7BD6228D6A79008B9120 /* audio */,
				2AF7B41E21ECAB0B00A868B8 /* LaunchScreen.storyboard */,
				2AF7B42121ECAB0B00A868B8 /* Info.plist */,
			);
			path = MaxHand;
			sourceTree = "<group>";
		};
		2AF7B42721ECB50A00A868B8 /* Object */ = {
			isa = PBXGroup;
			children = (
				2AF7B43621EDCBB300A868B8 /* Max.swift */,
				2AF5B63E222BA7FE00A039EC /* Plane.swift */,
			);
			path = Object;
			sourceTree = "<group>";
		};
		2AF7B43221ECBA5900A868B8 /* Utility */ = {
			isa = PBXGroup;
			children = (
				2AF7B44821EE021400A868B8 /* Utilities.swift */,
				2AF7B44021EDF68600A868B8 /* SCNVector3+Extensions.swift */,
				2AF7B44421EDF6D800A868B8 /* Node+Extensions.swift */,
				2AF7B43E21EDECFF00A868B8 /* NodeUtils.swift */,
				2AF5B640222BAB4D00A039EC /* nodeEnum.swift */,
				2A6A0B02223552DD0080C0BA /* CVPixelBuffer+Search.swift */,
			);
			path = Utility;
			sourceTree = "<group>";
		};
/* End PBXGroup section */

/* Begin PBXNativeTarget section */
		2AF7B40F21ECAB0A00A868B8 /* MaxHand */ = {
			isa = PBXNativeTarget;
			buildConfigurationList = 2AF7B42421ECAB0B00A868B8 /* Build configuration list for PBXNativeTarget "MaxHand" */;
			buildPhases = (
				2AF7B40C21ECAB0A00A868B8 /* Sources */,
				2AF7B40D21ECAB0A00A868B8 /* Frameworks */,
				2AF7B40E21ECAB0A00A868B8 /* Resources */,
			);
			buildRules = (
			);
			dependencies = (
			);
			name = MaxHand;
			productName = knowWhere;
			productReference = 2AF7B41021ECAB0A00A868B8 /* MaxHand.app */;
			productType = "com.apple.product-type.application";
		};
/* End PBXNativeTarget section */

/* Begin PBXProject section */
		2AF7B40821ECAB0A00A868B8 /* Project object */ = {
			isa = PBXProject;
			attributes = {
				LastSwiftUpdateCheck = 1010;
				LastUpgradeCheck = 1010;
				ORGANIZATIONNAME = 0ho_kwon;
				TargetAttributes = {
					2AF7B40F21ECAB0A00A868B8 = {
						CreatedOnToolsVersion = 10.1;
					};
				};
			};
			buildConfigurationList = 2AF7B40B21ECAB0A00A868B8 /* Build configuration list for PBXProject "MaxHand" */;
			compatibilityVersion = "Xcode 9.3";
			developmentRegion = en;
			hasScannedForEncodings = 0;
			knownRegions = (
				en,
				Base,
			);
			mainGroup = 2AF7B40721ECAB0A00A868B8;
			productRefGroup = 2AF7B41121ECAB0A00A868B8 /* Products */;
			projectDirPath = "";
			projectRoot = "";
			targets = (
				2AF7B40F21ECAB0A00A868B8 /* MaxHand */,
			);
		};
/* End PBXProject section */

/* Begin PBXResourcesBuildPhase section */
		2AF7B40E21ECAB0A00A868B8 /* Resources */ = {
			isa = PBXResourcesBuildPhase;
			buildActionMask = 2147483647;
			files = (
				2AF7B41621ECAB0A00A868B8 /* art.scnassets in Resources */,
				2AF7B44B21EE03BD00A868B8 /* Assets.scnassets in Resources */,
				2AF7B42021ECAB0B00A868B8 /* LaunchScreen.storyboard in Resources */,
				2A0C7BD7228D6A79008B9120 /* audio in Resources */,
				2AF7B41D21ECAB0B00A868B8 /* Assets.xcassets in Resources */,
				2AF7B41B21ECAB0A00A868B8 /* Main.storyboard in Resources */,
			);
			runOnlyForDeploymentPostprocessing = 0;
		};
/* End PBXResourcesBuildPhase section */

/* Begin PBXSourcesBuildPhase section */
		2AF7B40C21ECAB0A00A868B8 /* Sources */ = {
			isa = PBXSourcesBuildPhase;
			buildActionMask = 2147483647;
			files = (
				2AF7B44521EDF6D900A868B8 /* Node+Extensions.swift in Sources */,
				2AF5B63F222BA7FE00A039EC /* Plane.swift in Sources */,
				2A6A0B01223544A80080C0BA /* HandModel.mlmodel in Sources */,
				2AF7B44121EDF68700A868B8 /* SCNVector3+Extensions.swift in Sources */,
				2AF7B41821ECAB0A00A868B8 /* ViewController.swift in Sources */,
				2AF7B43721EDCBB300A868B8 /* Max.swift in Sources */,
				2A6A0B03223552DD0080C0BA /* CVPixelBuffer+Search.swift in Sources */,
				2A91D98E2247ABD7002E3B68 /* handClassificationOld.mlmodel in Sources */,
				2AF5B641222BAB4D00A039EC /* nodeEnum.swift in Sources */,
				2AF7B41421ECAB0A00A868B8 /* AppDelegate.swift in Sources */,
				2AF7B44921EE021400A868B8 /* Utilities.swift in Sources */,
				2AA4B3A02271F0DE00E40EAF /* handClassification.mlmodel in Sources */,
				2A6A0AFF22341AD20080C0BA /* HandModelOld.mlmodel in Sources */,
				2A6A0AFD22341A680080C0BA /* HandDetector.swift in Sources */,
				2AF7B43F21EDECFF00A868B8 /* NodeUtils.swift in Sources */,
				2A91D9902247AC1E002E3B68 /* HandClassification.swift in Sources */,
			);
			runOnlyForDeploymentPostprocessing = 0;
		};
/* End PBXSourcesBuildPhase section */

/* Begin PBXVariantGroup section */
		2AF7B41921ECAB0A00A868B8 /* Main.storyboard */ = {
			isa = PBXVariantGroup;
			children = (
				2AF7B41A21ECAB0A00A868B8 /* Base */,
			);
			name = Main.storyboard;
			sourceTree = "<group>";
		};
		2AF7B41E21ECAB0B00A868B8 /* LaunchScreen.storyboard */ = {
			isa = PBXVariantGroup;
			children = (
				2AF7B41F21ECAB0B00A868B8 /* Base */,
			);
			name = LaunchScreen.storyboard;
			sourceTree = "<group>";
		};
/* End PBXVariantGroup section */

/* Begin XCBuildConfiguration section */
		2AF7B42221ECAB0B00A868B8 /* Debug */ = {
			isa = XCBuildConfiguration;
			buildSettings = {
				ALWAYS_SEARCH_USER_PATHS = NO;
				CLANG_ANALYZER_NONNULL = YES;
				CLANG_ANALYZER_NUMBER_OBJECT_CONVERSION = YES_AGGRESSIVE;
				CLANG_CXX_LANGUAGE_STANDARD = "gnu++14";
				CLANG_CXX_LIBRARY = "libc++";
				CLANG_ENABLE_MODULES = YES;
				CLANG_ENABLE_OBJC_ARC = YES;
				CLANG_ENABLE_OBJC_WEAK = YES;
				CLANG_WARN_BLOCK_CAPTURE_AUTORELEASING = YES;
				CLANG_WARN_BOOL_CONVERSION = YES;
				CLANG_WARN_COMMA = YES;
				CLANG_WARN_CONSTANT_CONVERSION = YES;
				CLANG_WARN_DEPRECATED_OBJC_IMPLEMENTATIONS = YES;
				CLANG_WARN_DIRECT_OBJC_ISA_USAGE = YES_ERROR;
				CLANG_WARN_DOCUMENTATION_COMMENTS = YES;
				CLANG_WARN_EMPTY_BODY = YES;
				CLANG_WARN_ENUM_CONVERSION = YES;
				CLANG_WARN_INFINITE_RECURSION = YES;
				CLANG_WARN_INT_CONVERSION = YES;
				CLANG_WARN_NON_LITERAL_NULL_CONVERSION = YES;
				CLANG_WARN_OBJC_IMPLICIT_RETAIN_SELF = YES;
				CLANG_WARN_OBJC_LITERAL_CONVERSION = YES;
				CLANG_WARN_OBJC_ROOT_CLASS = YES_ERROR;
				CLANG_WARN_RANGE_LOOP_ANALYSIS = YES;
				CLANG_WARN_STRICT_PROTOTYPES = YES;
				CLANG_WARN_SUSPICIOUS_MOVE = YES;
				CLANG_WARN_UNGUARDED_AVAILABILITY = YES_AGGRESSIVE;
				CLANG_WARN_UNREACHABLE_CODE = YES;
				CLANG_WARN__DUPLICATE_METHOD_MATCH = YES;
				CODE_SIGN_IDENTITY = "iPhone Developer";
				COPY_PHASE_STRIP = NO;
				DEBUG_INFORMATION_FORMAT = dwarf;
				ENABLE_STRICT_OBJC_MSGSEND = YES;
				ENABLE_TESTABILITY = YES;
				GCC_C_LANGUAGE_STANDARD = gnu11;
				GCC_DYNAMIC_NO_PIC = NO;
				GCC_NO_COMMON_BLOCKS = YES;
				GCC_OPTIMIZATION_LEVEL = 0;
				GCC_PREPROCESSOR_DEFINITIONS = (
					"DEBUG=1",
					"$(inherited)",
				);
				GCC_WARN_64_TO_32_BIT_CONVERSION = YES;
				GCC_WARN_ABOUT_RETURN_TYPE = YES_ERROR;
				GCC_WARN_UNDECLARED_SELECTOR = YES;
				GCC_WARN_UNINITIALIZED_AUTOS = YES_AGGRESSIVE;
				GCC_WARN_UNUSED_FUNCTION = YES;
				GCC_WARN_UNUSED_VARIABLE = YES;
				IPHONEOS_DEPLOYMENT_TARGET = 12.1;
				MTL_ENABLE_DEBUG_INFO = INCLUDE_SOURCE;
				MTL_FAST_MATH = YES;
				ONLY_ACTIVE_ARCH = YES;
				SDKROOT = iphoneos;
				SWIFT_ACTIVE_COMPILATION_CONDITIONS = DEBUG;
				SWIFT_OPTIMIZATION_LEVEL = "-Onone";
			};
			name = Debug;
		};
		2AF7B42321ECAB0B00A868B8 /* Release */ = {
			isa = XCBuildConfiguration;
			buildSettings = {
				ALWAYS_SEARCH_USER_PATHS = NO;
				CLANG_ANALYZER_NONNULL = YES;
				CLANG_ANALYZER_NUMBER_OBJECT_CONVERSION = YES_AGGRESSIVE;
				CLANG_CXX_LANGUAGE_STANDARD = "gnu++14";
				CLANG_CXX_LIBRARY = "libc++";
				CLANG_ENABLE_MODULES = YES;
				CLANG_ENABLE_OBJC_ARC = YES;
				CLANG_ENABLE_OBJC_WEAK = YES;
				CLANG_WARN_BLOCK_CAPTURE_AUTORELEASING = YES;
				CLANG_WARN_BOOL_CONVERSION = YES;
				CLANG_WARN_COMMA = YES;
				CLANG_WARN_CONSTANT_CONVERSION = YES;
				CLANG_WARN_DEPRECATED_OBJC_IMPLEMENTATIONS = YES;
				CLANG_WARN_DIRECT_OBJC_ISA_USAGE = YES_ERROR;
				CLANG_WARN_DOCUMENTATION_COMMENTS = YES;
				CLANG_WARN_EMPTY_BODY = YES;
				CLANG_WARN_ENUM_CONVERSION = YES;
				CLANG_WARN_INFINITE_RECURSION = YES;
				CLANG_WARN_INT_CONVERSION = YES;
				CLANG_WARN_NON_LITERAL_NULL_CONVERSION = YES;
				CLANG_WARN_OBJC_IMPLICIT_RETAIN_SELF = YES;
				CLANG_WARN_OBJC_LITERAL_CONVERSION = YES;
				CLANG_WARN_OBJC_ROOT_CLASS = YES_ERROR;
				CLANG_WARN_RANGE_LOOP_ANALYSIS = YES;
				CLANG_WARN_STRICT_PROTOTYPES = YES;
				CLANG_WARN_SUSPICIOUS_MOVE = YES;
				CLANG_WARN_UNGUARDED_AVAILABILITY = YES_AGGRESSIVE;
				CLANG_WARN_UNREACHABLE_CODE = YES;
				CLANG_WARN__DUPLICATE_METHOD_MATCH = YES;
				CODE_SIGN_IDENTITY = "iPhone Developer";
				COPY_PHASE_STRIP = NO;
				DEBUG_INFORMATION_FORMAT = "dwarf-with-dsym";
				ENABLE_NS_ASSERTIONS = NO;
				ENABLE_STRICT_OBJC_MSGSEND = YES;
				GCC_C_LANGUAGE_STANDARD = gnu11;
				GCC_NO_COMMON_BLOCKS = YES;
				GCC_WARN_64_TO_32_BIT_CONVERSION = YES;
				GCC_WARN_ABOUT_RETURN_TYPE = YES_ERROR;
				GCC_WARN_UNDECLARED_SELECTOR = YES;
				GCC_WARN_UNINITIALIZED_AUTOS = YES_AGGRESSIVE;
				GCC_WARN_UNUSED_FUNCTION = YES;
				GCC_WARN_UNUSED_VARIABLE = YES;
				IPHONEOS_DEPLOYMENT_TARGET = 12.1;
				MTL_ENABLE_DEBUG_INFO = NO;
				MTL_FAST_MATH = YES;
				SDKROOT = iphoneos;
				SWIFT_COMPILATION_MODE = wholemodule;
				SWIFT_OPTIMIZATION_LEVEL = "-O";
				VALIDATE_PRODUCT = YES;
			};
			name = Release;
		};
		2AF7B42521ECAB0B00A868B8 /* Debug */ = {
			isa = XCBuildConfiguration;
			buildSettings = {
				ASSETCATALOG_COMPILER_APPICON_NAME = AppIcon;
				CODE_SIGN_STYLE = Automatic;
				DEVELOPMENT_TEAM = KD86N5NBGP;
				INFOPLIST_FILE = "$(SRCROOT)/MaxHand/Info.plist";
				LD_RUNPATH_SEARCH_PATHS = (
					"$(inherited)",
					"@executable_path/Frameworks",
				);
				PRODUCT_BUNDLE_IDENTIFIER = kwon.0ho.knowWhere;
				PRODUCT_NAME = "$(TARGET_NAME)";
				SWIFT_VERSION = 4.2;
				TARGETED_DEVICE_FAMILY = "1,2";
			};
			name = Debug;
		};
		2AF7B42621ECAB0B00A868B8 /* Release */ = {
			isa = XCBuildConfiguration;
			buildSettings = {
				ASSETCATALOG_COMPILER_APPICON_NAME = AppIcon;
				CODE_SIGN_STYLE = Automatic;
				DEVELOPMENT_TEAM = KD86N5NBGP;
				INFOPLIST_FILE = "$(SRCROOT)/MaxHand/Info.plist";
				LD_RUNPATH_SEARCH_PATHS = (
					"$(inherited)",
					"@executable_path/Frameworks",
				);
				PRODUCT_BUNDLE_IDENTIFIER = kwon.0ho.knowWhere;
				PRODUCT_NAME = "$(TARGET_NAME)";
				SWIFT_VERSION = 4.2;
				TARGETED_DEVICE_FAMILY = "1,2";
			};
			name = Release;
		};
/* End XCBuildConfiguration section */

/* Begin XCConfigurationList section */
		2AF7B40B21ECAB0A00A868B8 /* Build configuration list for PBXProject "MaxHand" */ = {
			isa = XCConfigurationList;
			buildConfigurations = (
				2AF7B42221ECAB0B00A868B8 /* Debug */,
				2AF7B42321ECAB0B00A868B8 /* Release */,
			);
			defaultConfigurationIsVisible = 0;
			defaultConfigurationName = Release;
		};
		2AF7B42421ECAB0B00A868B8 /* Build configuration list for PBXNativeTarget "MaxHand" */ = {
			isa = XCConfigurationList;
			buildConfigurations = (
				2AF7B42521ECAB0B00A868B8 /* Debug */,
				2AF7B42621ECAB0B00A868B8 /* Release */,
			);
			defaultConfigurationIsVisible = 0;
			defaultConfigurationName = Release;
		};
/* End XCConfigurationList section */
	};
	rootObject = 2AF7B40821ECAB0A00A868B8 /* Project object */;
}
